
Microsoft Visual Studio Solution File, Format Version 12.00
# Visual Studio Version 16
VisualStudioVersion = 16.0.31005.135
MinimumVisualStudioVersion = 10.0.40219.1
Project("{FAE04EC0-301F-11D3-BF4B-00C04F79EFBC}") = "MyDIConteyner", "MyDIConteyner\MyDIConteyner.csproj", "{A64E8BD3-EF5D-48C8-A07D-EE735F69B272}"
EndProject
Global
	GlobalSection(SolutionConfigurationPlatforms) = preSolution
		Debug|Any CPU = Debug|Any CPU
		Release|Any CPU = Release|Any CPU
	EndGlobalSection
	GlobalSection(ProjectConfigurationPlatforms) = postSolution
		{A64E8BD3-EF5D-48C8-A07D-EE735F69B272}.Debug|Any CPU.ActiveCfg = Debug|Any CPU
		{A64E8BD3-EF5D-48C8-A07D-EE735F69B272}.Debug|Any CPU.Build.0 = Debug|Any CPU
		{A64E8BD3-EF5D-48C8-A07D-EE735F69B272}.Release|Any CPU.ActiveCfg = Release|Any CPU
		{A64E8BD3-EF5D-48C8-A07D-EE735F69B272}.Release|Any CPU.Build.0 = Release|Any CPU
	EndGlobalSection
	GlobalSection(SolutionProperties) = preSolution
		HideSolutionNode = FALSE
	EndGlobalSection
	GlobalSection(ExtensibilityGlobals) = postSolution
		SolutionGuid = {C0C1801E-D637-4C90-BDA5-6BD3404EC772}
	EndGlobalSection
EndGlobal
